
Microsoft Visual Studio Solution File, Format Version 12.00
# Visual Studio Version 17
VisualStudioVersion = 17.6.33815.320
MinimumVisualStudioVersion = 10.0.40219.1
Project("{8BC9CEB8-8B4A-11D0-8D11-00A0C91BC942}") = "Task_1", "Task_1\Task_1.vcxproj", "{A62BD12D-57FF-4FF6-B12B-3C435AD9A5B1}"
EndProject
Project("{2150E333-8FDC-42A3-9474-1A3956D46DE8}") = "Урок 14", "Урок 14", "{A505C2AF-EC78-4A6F-90E5-BD8469D6C368}"
EndProject
Project("{2150E333-8FDC-42A3-9474-1A3956D46DE8}") = "Урок 15", "Урок 15", "{CA0D89B8-B4E8-4829-8950-33855D25ADE7}"
EndProject
Project("{8BC9CEB8-8B4A-11D0-8D11-00A0C91BC942}") = "Task_2", "Task_2\Task_2.vcxproj", "{CB77F54F-4A94-4E0F-882E-DB9340F923FD}"
EndProject
Project("{8BC9CEB8-8B4A-11D0-8D11-00A0C91BC942}") = "Task_3", "Task_3\Task_3.vcxproj", "{6DF6C6C9-6A4C-4F27-A7E1-AED803CBBCA3}"
EndProject
Project("{8BC9CEB8-8B4A-11D0-8D11-00A0C91BC942}") = "Task_4", "Task_4\Task_4.vcxproj", "{70D2191F-B05F-41AC-9960-798726D0BCCC}"
EndProject
Project("{8BC9CEB8-8B4A-11D0-8D11-00A0C91BC942}") = "Task_5", "Task_5\Task_5.vcxproj", "{FCD07E62-CF40-46DC-816B-0EC455CCF91B}"
EndProject
Global
	GlobalSection(SolutionConfigurationPlatforms) = preSolution
		Debug|x64 = Debug|x64
		Debug|x86 = Debug|x86
		Release|x64 = Release|x64
		Release|x86 = Release|x86
	EndGlobalSection
	GlobalSection(ProjectConfigurationPlatforms) = postSolution
		{A62BD12D-57FF-4FF6-B12B-3C435AD9A5B1}.Debug|x64.ActiveCfg = Debug|x64
		{A62BD12D-57FF-4FF6-B12B-3C435AD9A5B1}.Debug|x64.Build.0 = Debug|x64
		{A62BD12D-57FF-4FF6-B12B-3C435AD9A5B1}.Debug|x86.ActiveCfg = Debug|Win32
		{A62BD12D-57FF-4FF6-B12B-3C435AD9A5B1}.Debug|x86.Build.0 = Debug|Win32
		{A62BD12D-57FF-4FF6-B12B-3C435AD9A5B1}.Release|x64.ActiveCfg = Release|x64
		{A62BD12D-57FF-4FF6-B12B-3C435AD9A5B1}.Release|x64.Build.0 = Release|x64
		{A62BD12D-57FF-4FF6-B12B-3C435AD9A5B1}.Release|x86.ActiveCfg = Release|Win32
		{A62BD12D-57FF-4FF6-B12B-3C435AD9A5B1}.Release|x86.Build.0 = Release|Win32
		{CB77F54F-4A94-4E0F-882E-DB9340F923FD}.Debug|x64.ActiveCfg = Debug|x64
		{CB77F54F-4A94-4E0F-882E-DB9340F923FD}.Debug|x64.Build.0 = Debug|x64
		{CB77F54F-4A94-4E0F-882E-DB9340F923FD}.Debug|x86.ActiveCfg = Debug|Win32
		{CB77F54F-4A94-4E0F-882E-DB9340F923FD}.Debug|x86.Build.0 = Debug|Win32
		{CB77F54F-4A94-4E0F-882E-DB9340F923FD}.Release|x64.ActiveCfg = Release|x64
		{CB77F54F-4A94-4E0F-882E-DB9340F923FD}.Release|x64.Build.0 = Release|x64
		{CB77F54F-4A94-4E0F-882E-DB9340F923FD}.Release|x86.ActiveCfg = Release|Win32
		{CB77F54F-4A94-4E0F-882E-DB9340F923FD}.Release|x86.Build.0 = Release|Win32
		{6DF6C6C9-6A4C-4F27-A7E1-AED803CBBCA3}.Debug|x64.ActiveCfg = Debug|x64
		{6DF6C6C9-6A4C-4F27-A7E1-AED803CBBCA3}.Debug|x64.Build.0 = Debug|x64
		{6DF6C6C9-6A4C-4F27-A7E1-AED803CBBCA3}.Debug|x86.ActiveCfg = Debug|Win32
		{6DF6C6C9-6A4C-4F27-A7E1-AED803CBBCA3}.Debug|x86.Build.0 = Debug|Win32
		{6DF6C6C9-6A4C-4F27-A7E1-AED803CBBCA3}.Release|x64.ActiveCfg = Release|x64
		{6DF6C6C9-6A4C-4F27-A7E1-AED803CBBCA3}.Release|x64.Build.0 = Release|x64
		{6DF6C6C9-6A4C-4F27-A7E1-AED803CBBCA3}.Release|x86.ActiveCfg = Release|Win32
		{6DF6C6C9-6A4C-4F27-A7E1-AED803CBBCA3}.Release|x86.Build.0 = Release|Win32
		{70D2191F-B05F-41AC-9960-798726D0BCCC}.Debug|x64.ActiveCfg = Debug|x64
		{70D2191F-B05F-41AC-9960-798726D0BCCC}.Debug|x64.Build.0 = Debug|x64
		{70D2191F-B05F-41AC-9960-798726D0BCCC}.Debug|x86.ActiveCfg = Debug|Win32
		{70D2191F-B05F-41AC-9960-798726D0BCCC}.Debug|x86.Build.0 = Debug|Win32
		{70D2191F-B05F-41AC-9960-798726D0BCCC}.Release|x64.ActiveCfg = Release|x64
		{70D2191F-B05F-41AC-9960-798726D0BCCC}.Release|x64.Build.0 = Release|x64
		{70D2191F-B05F-41AC-9960-798726D0BCCC}.Release|x86.ActiveCfg = Release|Win32
		{70D2191F-B05F-41AC-9960-798726D0BCCC}.Release|x86.Build.0 = Release|Win32
		{FCD07E62-CF40-46DC-816B-0EC455CCF91B}.Debug|x64.ActiveCfg = Debug|x64
		{FCD07E62-CF40-46DC-816B-0EC455CCF91B}.Debug|x64.Build.0 = Debug|x64
		{FCD07E62-CF40-46DC-816B-0EC455CCF91B}.Debug|x86.ActiveCfg = Debug|Win32
		{FCD07E62-CF40-46DC-816B-0EC455CCF91B}.Debug|x86.Build.0 = Debug|Win32
		{FCD07E62-CF40-46DC-816B-0EC455CCF91B}.Release|x64.ActiveCfg = Release|x64
		{FCD07E62-CF40-46DC-816B-0EC455CCF91B}.Release|x64.Build.0 = Release|x64
		{FCD07E62-CF40-46DC-816B-0EC455CCF91B}.Release|x86.ActiveCfg = Release|Win32
		{FCD07E62-CF40-46DC-816B-0EC455CCF91B}.Release|x86.Build.0 = Release|Win32
	EndGlobalSection
	GlobalSection(SolutionProperties) = preSolution
		HideSolutionNode = FALSE
	EndGlobalSection
	GlobalSection(NestedProjects) = preSolution
		{A62BD12D-57FF-4FF6-B12B-3C435AD9A5B1} = {A505C2AF-EC78-4A6F-90E5-BD8469D6C368}
		{CB77F54F-4A94-4E0F-882E-DB9340F923FD} = {A505C2AF-EC78-4A6F-90E5-BD8469D6C368}
		{6DF6C6C9-6A4C-4F27-A7E1-AED803CBBCA3} = {A505C2AF-EC78-4A6F-90E5-BD8469D6C368}
		{70D2191F-B05F-41AC-9960-798726D0BCCC} = {A505C2AF-EC78-4A6F-90E5-BD8469D6C368}
		{FCD07E62-CF40-46DC-816B-0EC455CCF91B} = {A505C2AF-EC78-4A6F-90E5-BD8469D6C368}
	EndGlobalSection
	GlobalSection(ExtensibilityGlobals) = postSolution
		SolutionGuid = {D2164CF1-52B8-4655-9770-4A3BD0AEAF12}
	EndGlobalSection
EndGlobal
