
Microsoft Visual Studio Solution File, Format Version 12.00
# Visual Studio Version 17
VisualStudioVersion = 17.6.33815.320
MinimumVisualStudioVersion = 10.0.40219.1
Project("{2150E333-8FDC-42A3-9474-1A3956D46DE8}") = "Урок 14", "Урок 14", "{A505C2AF-EC78-4A6F-90E5-BD8469D6C368}"
EndProject
Project("{2150E333-8FDC-42A3-9474-1A3956D46DE8}") = "Урок 15", "Урок 15", "{CA0D89B8-B4E8-4829-8950-33855D25ADE7}"
EndProject
Project("{2150E333-8FDC-42A3-9474-1A3956D46DE8}") = "Домашние задания", "Домашние задания", "{F0CA68F7-69DD-47F7-9876-7D008E2ECFFD}"
EndProject
Project("{2150E333-8FDC-42A3-9474-1A3956D46DE8}") = "Практические задания", "Практические задания", "{7B241D3F-A137-4B5E-BA99-6F00817B2DB1}"
EndProject
Project("{2150E333-8FDC-42A3-9474-1A3956D46DE8}") = "Домашине задания", "Домашине задания", "{5218E6E0-1041-4F15-9BC8-53E7055BCEDB}"
EndProject
Project("{2150E333-8FDC-42A3-9474-1A3956D46DE8}") = "Практические задания", "Практические задания", "{BD3AFDCD-9A71-4AFE-ACBB-130CCBCF54B3}"
EndProject
Project("{8BC9CEB8-8B4A-11D0-8D11-00A0C91BC942}") = "Task_1", "Урок 14\Домашние задания\Task_1\Task_1.vcxproj", "{1DC66703-230F-4553-97D1-76FB272E4A2D}"
EndProject
Project("{8BC9CEB8-8B4A-11D0-8D11-00A0C91BC942}") = "Task_2", "Урок 14\Домашние задания\Task_2\Task_2.vcxproj", "{4BA267B0-F422-49E7-9D61-DDE56BDCFCF6}"
EndProject
Project("{8BC9CEB8-8B4A-11D0-8D11-00A0C91BC942}") = "Task_3", "Урок 14\Домашние задания\Task_3\Task_3.vcxproj", "{7A307E2E-E4F3-4D23-886E-D9868E19A4D4}"
EndProject
Project("{8BC9CEB8-8B4A-11D0-8D11-00A0C91BC942}") = "Task_8", "Урок 14\Домашние задания\Task_8\Task_8.vcxproj", "{6E198F06-1541-4D30-ACF0-BBC2B30E776C}"
EndProject
Global
	GlobalSection(SolutionConfigurationPlatforms) = preSolution
		Debug|x64 = Debug|x64
		Debug|x86 = Debug|x86
		Release|x64 = Release|x64
		Release|x86 = Release|x86
	EndGlobalSection
	GlobalSection(ProjectConfigurationPlatforms) = postSolution
		{1DC66703-230F-4553-97D1-76FB272E4A2D}.Debug|x64.ActiveCfg = Debug|x64
		{1DC66703-230F-4553-97D1-76FB272E4A2D}.Debug|x64.Build.0 = Debug|x64
		{1DC66703-230F-4553-97D1-76FB272E4A2D}.Debug|x86.ActiveCfg = Debug|Win32
		{1DC66703-230F-4553-97D1-76FB272E4A2D}.Debug|x86.Build.0 = Debug|Win32
		{1DC66703-230F-4553-97D1-76FB272E4A2D}.Release|x64.ActiveCfg = Release|x64
		{1DC66703-230F-4553-97D1-76FB272E4A2D}.Release|x64.Build.0 = Release|x64
		{1DC66703-230F-4553-97D1-76FB272E4A2D}.Release|x86.ActiveCfg = Release|Win32
		{1DC66703-230F-4553-97D1-76FB272E4A2D}.Release|x86.Build.0 = Release|Win32
		{4BA267B0-F422-49E7-9D61-DDE56BDCFCF6}.Debug|x64.ActiveCfg = Debug|x64
		{4BA267B0-F422-49E7-9D61-DDE56BDCFCF6}.Debug|x64.Build.0 = Debug|x64
		{4BA267B0-F422-49E7-9D61-DDE56BDCFCF6}.Debug|x86.ActiveCfg = Debug|Win32
		{4BA267B0-F422-49E7-9D61-DDE56BDCFCF6}.Debug|x86.Build.0 = Debug|Win32
		{4BA267B0-F422-49E7-9D61-DDE56BDCFCF6}.Release|x64.ActiveCfg = Release|x64
		{4BA267B0-F422-49E7-9D61-DDE56BDCFCF6}.Release|x64.Build.0 = Release|x64
		{4BA267B0-F422-49E7-9D61-DDE56BDCFCF6}.Release|x86.ActiveCfg = Release|Win32
		{4BA267B0-F422-49E7-9D61-DDE56BDCFCF6}.Release|x86.Build.0 = Release|Win32
		{7A307E2E-E4F3-4D23-886E-D9868E19A4D4}.Debug|x64.ActiveCfg = Debug|x64
		{7A307E2E-E4F3-4D23-886E-D9868E19A4D4}.Debug|x64.Build.0 = Debug|x64
		{7A307E2E-E4F3-4D23-886E-D9868E19A4D4}.Debug|x86.ActiveCfg = Debug|Win32
		{7A307E2E-E4F3-4D23-886E-D9868E19A4D4}.Debug|x86.Build.0 = Debug|Win32
		{7A307E2E-E4F3-4D23-886E-D9868E19A4D4}.Release|x64.ActiveCfg = Release|x64
		{7A307E2E-E4F3-4D23-886E-D9868E19A4D4}.Release|x64.Build.0 = Release|x64
		{7A307E2E-E4F3-4D23-886E-D9868E19A4D4}.Release|x86.ActiveCfg = Release|Win32
		{7A307E2E-E4F3-4D23-886E-D9868E19A4D4}.Release|x86.Build.0 = Release|Win32
		{6E198F06-1541-4D30-ACF0-BBC2B30E776C}.Debug|x64.ActiveCfg = Debug|x64
		{6E198F06-1541-4D30-ACF0-BBC2B30E776C}.Debug|x64.Build.0 = Debug|x64
		{6E198F06-1541-4D30-ACF0-BBC2B30E776C}.Debug|x86.ActiveCfg = Debug|Win32
		{6E198F06-1541-4D30-ACF0-BBC2B30E776C}.Debug|x86.Build.0 = Debug|Win32
		{6E198F06-1541-4D30-ACF0-BBC2B30E776C}.Release|x64.ActiveCfg = Release|x64
		{6E198F06-1541-4D30-ACF0-BBC2B30E776C}.Release|x64.Build.0 = Release|x64
		{6E198F06-1541-4D30-ACF0-BBC2B30E776C}.Release|x86.ActiveCfg = Release|Win32
		{6E198F06-1541-4D30-ACF0-BBC2B30E776C}.Release|x86.Build.0 = Release|Win32
	EndGlobalSection
	GlobalSection(SolutionProperties) = preSolution
		HideSolutionNode = FALSE
	EndGlobalSection
	GlobalSection(NestedProjects) = preSolution
		{F0CA68F7-69DD-47F7-9876-7D008E2ECFFD} = {A505C2AF-EC78-4A6F-90E5-BD8469D6C368}
		{7B241D3F-A137-4B5E-BA99-6F00817B2DB1} = {A505C2AF-EC78-4A6F-90E5-BD8469D6C368}
		{5218E6E0-1041-4F15-9BC8-53E7055BCEDB} = {CA0D89B8-B4E8-4829-8950-33855D25ADE7}
		{BD3AFDCD-9A71-4AFE-ACBB-130CCBCF54B3} = {CA0D89B8-B4E8-4829-8950-33855D25ADE7}
		{1DC66703-230F-4553-97D1-76FB272E4A2D} = {F0CA68F7-69DD-47F7-9876-7D008E2ECFFD}
		{4BA267B0-F422-49E7-9D61-DDE56BDCFCF6} = {F0CA68F7-69DD-47F7-9876-7D008E2ECFFD}
		{7A307E2E-E4F3-4D23-886E-D9868E19A4D4} = {F0CA68F7-69DD-47F7-9876-7D008E2ECFFD}
		{6E198F06-1541-4D30-ACF0-BBC2B30E776C} = {F0CA68F7-69DD-47F7-9876-7D008E2ECFFD}
	EndGlobalSection
	GlobalSection(ExtensibilityGlobals) = postSolution
		SolutionGuid = {D2164CF1-52B8-4655-9770-4A3BD0AEAF12}
	EndGlobalSection
EndGlobal
